
Microsoft Visual Studio Solution File, Format Version 12.00
# Visual Studio 14
VisualStudioVersion = 14.0.23107.0
MinimumVisualStudioVersion = 10.0.40219.1
Project("{FAE04EC0-301F-11D3-BF4B-00C04F79EFBC}") = "Events.Web", "Events.Web\Events.Web.csproj", "{8360C8DA-D2D6-4C8C-A26C-F39BBA61A402}"
EndProject
Project("{FAE04EC0-301F-11D3-BF4B-00C04F79EFBC}") = "Events.Data", "Events.Data\Events.Data.csproj", "{FB965A28-4E41-4184-8E9F-E425C19FA4A6}"
EndProject
Project("{FAE04EC0-301F-11D3-BF4B-00C04F79EFBC}") = "Events.Models", "Events.Model\Events.Models.csproj", "{A9443C06-754E-4F76-93DA-0B417807171D}"
EndProject
Global
	GlobalSection(SolutionConfigurationPlatforms) = preSolution
		Debug|Any CPU = Debug|Any CPU
		Release|Any CPU = Release|Any CPU
	EndGlobalSection
	GlobalSection(ProjectConfigurationPlatforms) = postSolution
		{8360C8DA-D2D6-4C8C-A26C-F39BBA61A402}.Debug|Any CPU.ActiveCfg = Debug|Any CPU
		{8360C8DA-D2D6-4C8C-A26C-F39BBA61A402}.Debug|Any CPU.Build.0 = Debug|Any CPU
		{8360C8DA-D2D6-4C8C-A26C-F39BBA61A402}.Release|Any CPU.ActiveCfg = Release|Any CPU
		{8360C8DA-D2D6-4C8C-A26C-F39BBA61A402}.Release|Any CPU.Build.0 = Release|Any CPU
		{FB965A28-4E41-4184-8E9F-E425C19FA4A6}.Debug|Any CPU.ActiveCfg = Debug|Any CPU
		{FB965A28-4E41-4184-8E9F-E425C19FA4A6}.Debug|Any CPU.Build.0 = Debug|Any CPU
		{FB965A28-4E41-4184-8E9F-E425C19FA4A6}.Release|Any CPU.ActiveCfg = Release|Any CPU
		{FB965A28-4E41-4184-8E9F-E425C19FA4A6}.Release|Any CPU.Build.0 = Release|Any CPU
		{A9443C06-754E-4F76-93DA-0B417807171D}.Debug|Any CPU.ActiveCfg = Debug|Any CPU
		{A9443C06-754E-4F76-93DA-0B417807171D}.Debug|Any CPU.Build.0 = Debug|Any CPU
		{A9443C06-754E-4F76-93DA-0B417807171D}.Release|Any CPU.ActiveCfg = Release|Any CPU
		{A9443C06-754E-4F76-93DA-0B417807171D}.Release|Any CPU.Build.0 = Release|Any CPU
	EndGlobalSection
	GlobalSection(SolutionProperties) = preSolution
		HideSolutionNode = FALSE
	EndGlobalSection
EndGlobal
